
Microsoft Visual Studio Solution File, Format Version 12.00
# Visual Studio Version 17
VisualStudioVersion = 17.11.35327.3
MinimumVisualStudioVersion = 10.0.40219.1
Project("{FAE04EC0-301F-11D3-BF4B-00C04F79EFBC}") = "BookealoWebApp.Server", "BookealoWebApp.Server\BookealoWebApp.Server.csproj", "{5A343AD0-F4A5-44CA-82B0-7EADEB0BBB77}"
EndProject
Project("{54A90642-561A-4BB1-A94E-469ADEE60C69}") = "bookealowebapp.client", "bookealowebapp.client\bookealowebapp.client.esproj", "{59ABEA2B-D4BC-44A9-9FC4-CE8C866059FD}"
EndProject
Global
	GlobalSection(SolutionConfigurationPlatforms) = preSolution
		Debug|Any CPU = Debug|Any CPU
		Release|Any CPU = Release|Any CPU
	EndGlobalSection
	GlobalSection(ProjectConfigurationPlatforms) = postSolution
		{5A343AD0-F4A5-44CA-82B0-7EADEB0BBB77}.Debug|Any CPU.ActiveCfg = Debug|Any CPU
		{5A343AD0-F4A5-44CA-82B0-7EADEB0BBB77}.Debug|Any CPU.Build.0 = Debug|Any CPU
		{5A343AD0-F4A5-44CA-82B0-7EADEB0BBB77}.Release|Any CPU.ActiveCfg = Release|Any CPU
		{5A343AD0-F4A5-44CA-82B0-7EADEB0BBB77}.Release|Any CPU.Build.0 = Release|Any CPU
		{59ABEA2B-D4BC-44A9-9FC4-CE8C866059FD}.Debug|Any CPU.ActiveCfg = Debug|Any CPU
		{59ABEA2B-D4BC-44A9-9FC4-CE8C866059FD}.Debug|Any CPU.Build.0 = Debug|Any CPU
		{59ABEA2B-D4BC-44A9-9FC4-CE8C866059FD}.Debug|Any CPU.Deploy.0 = Debug|Any CPU
		{59ABEA2B-D4BC-44A9-9FC4-CE8C866059FD}.Release|Any CPU.ActiveCfg = Release|Any CPU
		{59ABEA2B-D4BC-44A9-9FC4-CE8C866059FD}.Release|Any CPU.Build.0 = Release|Any CPU
		{59ABEA2B-D4BC-44A9-9FC4-CE8C866059FD}.Release|Any CPU.Deploy.0 = Release|Any CPU
	EndGlobalSection
	GlobalSection(SolutionProperties) = preSolution
		HideSolutionNode = FALSE
	EndGlobalSection
	GlobalSection(ExtensibilityGlobals) = postSolution
		SolutionGuid = {04BA0F1A-D834-4B08-9779-52669B2E21AE}
	EndGlobalSection
EndGlobal
